// !$*UTF8*$!
{
	archiveVersion = 1;
	classes = {
	};
	objectVersion = 51;
	objects = {

/* Begin PBXBuildFile section */
		8F7429B8287715203D797A2A /* Pods_TheGoodFridge.framework in Frameworks */ = {isa = PBXBuildFile; fileRef = D4D38C9EC6E072779141E849 /* Pods_TheGoodFridge.framework */; };
		EB00972F2500C4EB00244245 /* SettingsItemCell.swift in Sources */ = {isa = PBXBuildFile; fileRef = EB00972E2500C4EB00244245 /* SettingsItemCell.swift */; };
		EB05C93424D62A0E00AF51C7 /* ChallengeSetupCell.swift in Sources */ = {isa = PBXBuildFile; fileRef = EB05C93324D62A0E00AF51C7 /* ChallengeSetupCell.swift */; };
		EB05C93624D6349D00AF51C7 /* ChallengeButton.swift in Sources */ = {isa = PBXBuildFile; fileRef = EB05C93524D6349D00AF51C7 /* ChallengeButton.swift */; };
		EB05C93824D6677F00AF51C7 /* ChallengePopupView.swift in Sources */ = {isa = PBXBuildFile; fileRef = EB05C93724D6677F00AF51C7 /* ChallengePopupView.swift */; };
		EB0B6982245E5A550069697F /* (null) in Embed Frameworks */ = {isa = PBXBuildFile; settings = {ATTRIBUTES = (CodeSignOnCopy, RemoveHeadersOnCopy, ); }; };
		EB0B73C12504C08E008E5A3D /* SettingsSectionTitleView.swift in Sources */ = {isa = PBXBuildFile; fileRef = EB0B73C02504C08E008E5A3D /* SettingsSectionTitleView.swift */; };
		EB0BC8C224CE4F6200A16424 /* ChallengeIntroView.swift in Sources */ = {isa = PBXBuildFile; fileRef = EB0BC8C124CE4F6200A16424 /* ChallengeIntroView.swift */; };
		EB14DD9E24450A2400CA2E0A /* GoogleService-Info.plist in Resources */ = {isa = PBXBuildFile; fileRef = EB14DD9D24450A2400CA2E0A /* GoogleService-Info.plist */; };
		EB1D770A2462978F003E1A84 /* ValuesView.swift in Sources */ = {isa = PBXBuildFile; fileRef = EB1D77092462978F003E1A84 /* ValuesView.swift */; };
		EB1D770C246298AE003E1A84 /* ValueGoalButton.swift in Sources */ = {isa = PBXBuildFile; fileRef = EB1D770B246298AE003E1A84 /* ValueGoalButton.swift */; };
		EB297BFD24A6D2A600BA0471 /* RecommendProductButton.swift in Sources */ = {isa = PBXBuildFile; fileRef = EB297BFC24A6D2A600BA0471 /* RecommendProductButton.swift */; };
		EB2EB193246A727C00C7F523 /* IssueData.swift in Sources */ = {isa = PBXBuildFile; fileRef = EB2EB192246A727C00C7F523 /* IssueData.swift */; };
		EB355574245E4DBD00FF23CB /* credentials.plist in Resources */ = {isa = PBXBuildFile; fileRef = EB355573245E4DBD00FF23CB /* credentials.plist */; };
		EB514D9B247AF3EF00450E60 /* GroceryListEditView.swift in Sources */ = {isa = PBXBuildFile; fileRef = EB514D9A247AF3EF00450E60 /* GroceryListEditView.swift */; };
		EB514D9D247AFCE100450E60 /* GroceryListCell.swift in Sources */ = {isa = PBXBuildFile; fileRef = EB514D9C247AFCE100450E60 /* GroceryListCell.swift */; };
		EB514D9F247B1ED700450E60 /* GroceryDoneView.swift in Sources */ = {isa = PBXBuildFile; fileRef = EB514D9E247B1ED700450E60 /* GroceryDoneView.swift */; };
		EB5244C02471D50500C45C6B /* StartView.swift in Sources */ = {isa = PBXBuildFile; fileRef = EB5244BF2471D50500C45C6B /* StartView.swift */; };
		EB55FE0924AD3A17002760F7 /* ProductManager.swift in Sources */ = {isa = PBXBuildFile; fileRef = EB55FE0824AD3A17002760F7 /* ProductManager.swift */; };
		EB56EC632442E34C001D48BE /* AppDelegate.swift in Sources */ = {isa = PBXBuildFile; fileRef = EB56EC622442E34C001D48BE /* AppDelegate.swift */; };
		EB56EC652442E34C001D48BE /* SceneDelegate.swift in Sources */ = {isa = PBXBuildFile; fileRef = EB56EC642442E34C001D48BE /* SceneDelegate.swift */; };
		EB56EC672442E34C001D48BE /* WelcomeViewController.swift in Sources */ = {isa = PBXBuildFile; fileRef = EB56EC662442E34C001D48BE /* WelcomeViewController.swift */; };
		EB56EC6C2442E34E001D48BE /* Assets.xcassets in Resources */ = {isa = PBXBuildFile; fileRef = EB56EC6B2442E34E001D48BE /* Assets.xcassets */; };
		EB56EC6F2442E34E001D48BE /* LaunchScreen.storyboard in Resources */ = {isa = PBXBuildFile; fileRef = EB56EC6D2442E34E001D48BE /* LaunchScreen.storyboard */; };
		EB572A4324CFFD0600305FFD /* ChallengeSetupView.swift in Sources */ = {isa = PBXBuildFile; fileRef = EB572A4224CFFD0600305FFD /* ChallengeSetupView.swift */; };
		EB5B9AC82460CFA900494754 /* User.swift in Sources */ = {isa = PBXBuildFile; fileRef = EB5B9AC72460CFA900494754 /* User.swift */; };
		EB5B9ACA2460E75200494754 /* SignupErrorView.swift in Sources */ = {isa = PBXBuildFile; fileRef = EB5B9AC92460E75200494754 /* SignupErrorView.swift */; };
		EB75251524EE4C1F0071DCB8 /* ProfilePictureImageView.swift in Sources */ = {isa = PBXBuildFile; fileRef = EB75251424EE4C1F0071DCB8 /* ProfilePictureImageView.swift */; };
		EB7E4C292462252100A6E8FA /* SetupViewController.swift in Sources */ = {isa = PBXBuildFile; fileRef = EB7E4C282462252100A6E8FA /* SetupViewController.swift */; };
		EB8292022478A917008D96FA /* SearchViewController.swift in Sources */ = {isa = PBXBuildFile; fileRef = EB8292012478A917008D96FA /* SearchViewController.swift */; };
		EB8292042478A91F008D96FA /* ProfileViewController.swift in Sources */ = {isa = PBXBuildFile; fileRef = EB8292032478A91F008D96FA /* ProfileViewController.swift */; };
		EB8292082478BA4C008D96FA /* UserData.swift in Sources */ = {isa = PBXBuildFile; fileRef = EB8292072478BA4C008D96FA /* UserData.swift */; };
		EB8C6398248380A900983BE9 /* GroceryListFinalView.swift in Sources */ = {isa = PBXBuildFile; fileRef = EB8C6397248380A900983BE9 /* GroceryListFinalView.swift */; };
		EB8C639A2483816500983BE9 /* GroceryData.swift in Sources */ = {isa = PBXBuildFile; fileRef = EB8C63992483816500983BE9 /* GroceryData.swift */; };
		EB8C9BBC245F4DB800E51E7C /* DividerView.swift in Sources */ = {isa = PBXBuildFile; fileRef = EB8C9BBB245F4DB800E51E7C /* DividerView.swift */; };
		EB8C9BBE245F56CA00E51E7C /* LoginViewController.swift in Sources */ = {isa = PBXBuildFile; fileRef = EB8C9BBD245F56CA00E51E7C /* LoginViewController.swift */; };
		EB8C9BC0245F5D4200E51E7C /* IntroViewController.swift in Sources */ = {isa = PBXBuildFile; fileRef = EB8C9BBF245F5D4200E51E7C /* IntroViewController.swift */; };
		EB96750D24A452340058FAE9 /* RecommendCardView.swift in Sources */ = {isa = PBXBuildFile; fileRef = EB96750C24A452340058FAE9 /* RecommendCardView.swift */; };
		EBA42CF2244CE4C800185F94 /* LoginManager.swift in Sources */ = {isa = PBXBuildFile; fileRef = EBA42CF1244CE4C800185F94 /* LoginManager.swift */; };
		EBACD0FA24D7E5AC00143E47 /* ChallengeManager.swift in Sources */ = {isa = PBXBuildFile; fileRef = EBACD0F924D7E5AC00143E47 /* ChallengeManager.swift */; };
		EBBD0E0424A177170079F15C /* RecommendViewController.swift in Sources */ = {isa = PBXBuildFile; fileRef = EBBD0E0324A177170079F15C /* RecommendViewController.swift */; };
		EBBD0E0624A190CA0079F15C /* UIView+Snapshot.swift in Sources */ = {isa = PBXBuildFile; fileRef = EBBD0E0524A190CA0079F15C /* UIView+Snapshot.swift */; };
		EBBEA0D8245D51AD0038F403 /* Amiko-Bold.ttf in Resources */ = {isa = PBXBuildFile; fileRef = EBBEA0D6245D518B0038F403 /* Amiko-Bold.ttf */; };
		EBBEA0D9245D51B00038F403 /* Amiko-Regular.ttf in Resources */ = {isa = PBXBuildFile; fileRef = EBBEA0D4245D51880038F403 /* Amiko-Regular.ttf */; };
		EBBEA0DA245D51B20038F403 /* Amiko-SemiBold.ttf in Resources */ = {isa = PBXBuildFile; fileRef = EBBEA0D5245D51890038F403 /* Amiko-SemiBold.ttf */; };
		EBBEA0DC245D526A0038F403 /* InputFieldView.swift in Sources */ = {isa = PBXBuildFile; fileRef = EBBEA0DB245D526A0038F403 /* InputFieldView.swift */; };
		EBBEA0DE245D5C780038F403 /* PasswordFieldView.swift in Sources */ = {isa = PBXBuildFile; fileRef = EBBEA0DD245D5C780038F403 /* PasswordFieldView.swift */; };
		EBBEF37F2477B82D005B085E /* TabBarController.swift in Sources */ = {isa = PBXBuildFile; fileRef = EBBEF37E2477B82D005B085E /* TabBarController.swift */; };
		EBBEF3812477B923005B085E /* GroceryViewController.swift in Sources */ = {isa = PBXBuildFile; fileRef = EBBEF3802477B923005B085E /* GroceryViewController.swift */; };
		EBC03B9E250599BA00BBC040 /* SettingsManager.swift in Sources */ = {isa = PBXBuildFile; fileRef = EBC03B9D250599BA00BBC040 /* SettingsManager.swift */; };
		EBC13140246A6CCD0047CD2C /* NextBackButton.swift in Sources */ = {isa = PBXBuildFile; fileRef = EBC1313F246A6CCD0047CD2C /* NextBackButton.swift */; };
		EBC13142246A6E640047CD2C /* IssueCell.swift in Sources */ = {isa = PBXBuildFile; fileRef = EBC13141246A6E640047CD2C /* IssueCell.swift */; };
		EBC13144246A6E900047CD2C /* Constants.swift in Sources */ = {isa = PBXBuildFile; fileRef = EBC13143246A6E900047CD2C /* Constants.swift */; };
		EBC9179824E518010023EF98 /* ChallengeCompleteView.swift in Sources */ = {isa = PBXBuildFile; fileRef = EBC9179724E518010023EF98 /* ChallengeCompleteView.swift */; };
		EBCAB24324E8B83400CF2946 /* ChallengeCompleteCard.swift in Sources */ = {isa = PBXBuildFile; fileRef = EBCAB24224E8B83400CF2946 /* ChallengeCompleteCard.swift */; };
		EBCE9A0F2468885900B0266E /* SetupData.swift in Sources */ = {isa = PBXBuildFile; fileRef = EBCE9A0E2468885900B0266E /* SetupData.swift */; };
		EBCE9A1124688A4B00B0266E /* IssuesView.swift in Sources */ = {isa = PBXBuildFile; fileRef = EBCE9A1024688A4B00B0266E /* IssuesView.swift */; };
		EBDE8C7524F30CAE007DC5AC /* ChallengeBox.swift in Sources */ = {isa = PBXBuildFile; fileRef = EBDE8C7424F30CAE007DC5AC /* ChallengeBox.swift */; };
		EBF520932456156100EC0B03 /* RegisterViewController.swift in Sources */ = {isa = PBXBuildFile; fileRef = EBF520922456156100EC0B03 /* RegisterViewController.swift */; };
		EBF7A740248453BE0083C634 /* GroceryListFinalCell.swift in Sources */ = {isa = PBXBuildFile; fileRef = EBF7A73F248453BE0083C634 /* GroceryListFinalCell.swift */; };
		EBF7A742248469A50083C634 /* AddButton.swift in Sources */ = {isa = PBXBuildFile; fileRef = EBF7A741248469A50083C634 /* AddButton.swift */; };
		F67B12B124D95A490035F801 /* SettingsViewController.swift in Sources */ = {isa = PBXBuildFile; fileRef = F67B12B024D95A490035F801 /* SettingsViewController.swift */; };
		F67B12B324D9CFCA0035F801 /* SettingsView.swift in Sources */ = {isa = PBXBuildFile; fileRef = F67B12B224D9CFCA0035F801 /* SettingsView.swift */; };
		F67B12B524DAE0C80035F801 /* AccountDetailsView.swift in Sources */ = {isa = PBXBuildFile; fileRef = F67B12B424DAE0C80035F801 /* AccountDetailsView.swift */; };
		F67B12B724DB24E40035F801 /* PrivacyPolicyView.swift in Sources */ = {isa = PBXBuildFile; fileRef = F67B12B624DB24E40035F801 /* PrivacyPolicyView.swift */; };
		F67B12B924DEE1CA0035F801 /* AccountDetailsViewController.swift in Sources */ = {isa = PBXBuildFile; fileRef = F67B12B824DEE1CA0035F801 /* AccountDetailsViewController.swift */; };
		F67B12BB24DEE6760035F801 /* PrivacyPolicyViewController.swift in Sources */ = {isa = PBXBuildFile; fileRef = F67B12BA24DEE6760035F801 /* PrivacyPolicyViewController.swift */; };
		F67B12F424FC02690035F801 /* FAQViewController.swift in Sources */ = {isa = PBXBuildFile; fileRef = F67B12F324FC02690035F801 /* FAQViewController.swift */; };
		F67B12F624FC04170035F801 /* FAQView.swift in Sources */ = {isa = PBXBuildFile; fileRef = F67B12F524FC04170035F801 /* FAQView.swift */; };
		F68583A524CD5766004A0C44 /* ProfileSegmentedControlView.swift in Sources */ = {isa = PBXBuildFile; fileRef = F68583A424CD5766004A0C44 /* ProfileSegmentedControlView.swift */; };
		F68583A724CDB779004A0C44 /* StatsView.swift in Sources */ = {isa = PBXBuildFile; fileRef = F68583A624CDB779004A0C44 /* StatsView.swift */; };
		F68583A924D2E9F0004A0C44 /* ChallengeBoxes.swift in Sources */ = {isa = PBXBuildFile; fileRef = F68583A824D2E9F0004A0C44 /* ChallengeBoxes.swift */; };
		F68583AB24D3F8ED004A0C44 /* CircularProgressBar.swift in Sources */ = {isa = PBXBuildFile; fileRef = F68583AA24D3F8ED004A0C44 /* CircularProgressBar.swift */; };
		F68583AD24D72F35004A0C44 /* ArchiveView.swift in Sources */ = {isa = PBXBuildFile; fileRef = F68583AC24D72F35004A0C44 /* ArchiveView.swift */; };
/* End PBXBuildFile section */

/* Begin PBXCopyFilesBuildPhase section */
		EB0B6983245E5A560069697F /* Embed Frameworks */ = {
			isa = PBXCopyFilesBuildPhase;
			buildActionMask = 2147483647;
			dstPath = "";
			dstSubfolderSpec = 10;
			files = (
				EB0B6982245E5A550069697F /* (null) in Embed Frameworks */,
			);
			name = "Embed Frameworks";
			runOnlyForDeploymentPostprocessing = 0;
		};
/* End PBXCopyFilesBuildPhase section */

/* Begin PBXFileReference section */
		0A04B6568C9B6F01EBF6368D /* Pods-TheGoodFridge.release.xcconfig */ = {isa = PBXFileReference; includeInIndex = 1; lastKnownFileType = text.xcconfig; name = "Pods-TheGoodFridge.release.xcconfig"; path = "Target Support Files/Pods-TheGoodFridge/Pods-TheGoodFridge.release.xcconfig"; sourceTree = "<group>"; };
		3F56849CC83BB378E6712201 /* Pods-TheGoodFridge.debug.xcconfig */ = {isa = PBXFileReference; includeInIndex = 1; lastKnownFileType = text.xcconfig; name = "Pods-TheGoodFridge.debug.xcconfig"; path = "Target Support Files/Pods-TheGoodFridge/Pods-TheGoodFridge.debug.xcconfig"; sourceTree = "<group>"; };
		D4D38C9EC6E072779141E849 /* Pods_TheGoodFridge.framework */ = {isa = PBXFileReference; explicitFileType = wrapper.framework; includeInIndex = 0; path = Pods_TheGoodFridge.framework; sourceTree = BUILT_PRODUCTS_DIR; };
		EB00972E2500C4EB00244245 /* SettingsItemCell.swift */ = {isa = PBXFileReference; lastKnownFileType = sourcecode.swift; path = SettingsItemCell.swift; sourceTree = "<group>"; };
		EB05C93324D62A0E00AF51C7 /* ChallengeSetupCell.swift */ = {isa = PBXFileReference; lastKnownFileType = sourcecode.swift; path = ChallengeSetupCell.swift; sourceTree = "<group>"; };
		EB05C93524D6349D00AF51C7 /* ChallengeButton.swift */ = {isa = PBXFileReference; lastKnownFileType = sourcecode.swift; path = ChallengeButton.swift; sourceTree = "<group>"; };
		EB05C93724D6677F00AF51C7 /* ChallengePopupView.swift */ = {isa = PBXFileReference; lastKnownFileType = sourcecode.swift; path = ChallengePopupView.swift; sourceTree = "<group>"; };
		EB0B73C02504C08E008E5A3D /* SettingsSectionTitleView.swift */ = {isa = PBXFileReference; lastKnownFileType = sourcecode.swift; path = SettingsSectionTitleView.swift; sourceTree = "<group>"; };
		EB0BC8C124CE4F6200A16424 /* ChallengeIntroView.swift */ = {isa = PBXFileReference; lastKnownFileType = sourcecode.swift; path = ChallengeIntroView.swift; sourceTree = "<group>"; };
		EB14DD9D24450A2400CA2E0A /* GoogleService-Info.plist */ = {isa = PBXFileReference; fileEncoding = 4; lastKnownFileType = text.plist.xml; path = "GoogleService-Info.plist"; sourceTree = "<group>"; };
		EB1D77092462978F003E1A84 /* ValuesView.swift */ = {isa = PBXFileReference; lastKnownFileType = sourcecode.swift; path = ValuesView.swift; sourceTree = "<group>"; };
		EB1D770B246298AE003E1A84 /* ValueGoalButton.swift */ = {isa = PBXFileReference; lastKnownFileType = sourcecode.swift; path = ValueGoalButton.swift; sourceTree = "<group>"; };
		EB297BFC24A6D2A600BA0471 /* RecommendProductButton.swift */ = {isa = PBXFileReference; lastKnownFileType = sourcecode.swift; path = RecommendProductButton.swift; sourceTree = "<group>"; };
		EB2EB192246A727C00C7F523 /* IssueData.swift */ = {isa = PBXFileReference; lastKnownFileType = sourcecode.swift; path = IssueData.swift; sourceTree = "<group>"; };
		EB355573245E4DBD00FF23CB /* credentials.plist */ = {isa = PBXFileReference; fileEncoding = 4; lastKnownFileType = text.plist.xml; path = credentials.plist; sourceTree = "<group>"; };
		EB514D9A247AF3EF00450E60 /* GroceryListEditView.swift */ = {isa = PBXFileReference; lastKnownFileType = sourcecode.swift; path = GroceryListEditView.swift; sourceTree = "<group>"; };
		EB514D9C247AFCE100450E60 /* GroceryListCell.swift */ = {isa = PBXFileReference; lastKnownFileType = sourcecode.swift; path = GroceryListCell.swift; sourceTree = "<group>"; };
		EB514D9E247B1ED700450E60 /* GroceryDoneView.swift */ = {isa = PBXFileReference; lastKnownFileType = sourcecode.swift; path = GroceryDoneView.swift; sourceTree = "<group>"; };
		EB5244BF2471D50500C45C6B /* StartView.swift */ = {isa = PBXFileReference; lastKnownFileType = sourcecode.swift; path = StartView.swift; sourceTree = "<group>"; };
		EB55FE0824AD3A17002760F7 /* ProductManager.swift */ = {isa = PBXFileReference; lastKnownFileType = sourcecode.swift; path = ProductManager.swift; sourceTree = "<group>"; };
		EB56EC5F2442E34C001D48BE /* TheGoodFridge.app */ = {isa = PBXFileReference; explicitFileType = wrapper.application; includeInIndex = 0; path = TheGoodFridge.app; sourceTree = BUILT_PRODUCTS_DIR; };
		EB56EC622442E34C001D48BE /* AppDelegate.swift */ = {isa = PBXFileReference; lastKnownFileType = sourcecode.swift; path = AppDelegate.swift; sourceTree = "<group>"; };
		EB56EC642442E34C001D48BE /* SceneDelegate.swift */ = {isa = PBXFileReference; lastKnownFileType = sourcecode.swift; path = SceneDelegate.swift; sourceTree = "<group>"; };
		EB56EC662442E34C001D48BE /* WelcomeViewController.swift */ = {isa = PBXFileReference; lastKnownFileType = sourcecode.swift; path = WelcomeViewController.swift; sourceTree = "<group>"; };
		EB56EC6B2442E34E001D48BE /* Assets.xcassets */ = {isa = PBXFileReference; lastKnownFileType = folder.assetcatalog; path = Assets.xcassets; sourceTree = "<group>"; };
		EB56EC6E2442E34E001D48BE /* Base */ = {isa = PBXFileReference; lastKnownFileType = file.storyboard; name = Base; path = Base.lproj/LaunchScreen.storyboard; sourceTree = "<group>"; };
		EB572A4224CFFD0600305FFD /* ChallengeSetupView.swift */ = {isa = PBXFileReference; lastKnownFileType = sourcecode.swift; path = ChallengeSetupView.swift; sourceTree = "<group>"; };
		EB5B9AC72460CFA900494754 /* User.swift */ = {isa = PBXFileReference; lastKnownFileType = sourcecode.swift; path = User.swift; sourceTree = "<group>"; };
		EB5B9AC92460E75200494754 /* SignupErrorView.swift */ = {isa = PBXFileReference; lastKnownFileType = sourcecode.swift; path = SignupErrorView.swift; sourceTree = "<group>"; };
		EB75251424EE4C1F0071DCB8 /* ProfilePictureImageView.swift */ = {isa = PBXFileReference; lastKnownFileType = sourcecode.swift; path = ProfilePictureImageView.swift; sourceTree = "<group>"; };
		EB7E4C282462252100A6E8FA /* SetupViewController.swift */ = {isa = PBXFileReference; lastKnownFileType = sourcecode.swift; path = SetupViewController.swift; sourceTree = "<group>"; };
		EB8292012478A917008D96FA /* SearchViewController.swift */ = {isa = PBXFileReference; lastKnownFileType = sourcecode.swift; path = SearchViewController.swift; sourceTree = "<group>"; };
		EB8292032478A91F008D96FA /* ProfileViewController.swift */ = {isa = PBXFileReference; lastKnownFileType = sourcecode.swift; path = ProfileViewController.swift; sourceTree = "<group>"; };
		EB8292072478BA4C008D96FA /* UserData.swift */ = {isa = PBXFileReference; lastKnownFileType = sourcecode.swift; path = UserData.swift; sourceTree = "<group>"; };
		EB8C6397248380A900983BE9 /* GroceryListFinalView.swift */ = {isa = PBXFileReference; lastKnownFileType = sourcecode.swift; path = GroceryListFinalView.swift; sourceTree = "<group>"; };
		EB8C63992483816500983BE9 /* GroceryData.swift */ = {isa = PBXFileReference; lastKnownFileType = sourcecode.swift; path = GroceryData.swift; sourceTree = "<group>"; };
		EB8C9BBB245F4DB800E51E7C /* DividerView.swift */ = {isa = PBXFileReference; lastKnownFileType = sourcecode.swift; path = DividerView.swift; sourceTree = "<group>"; };
		EB8C9BBD245F56CA00E51E7C /* LoginViewController.swift */ = {isa = PBXFileReference; lastKnownFileType = sourcecode.swift; path = LoginViewController.swift; sourceTree = "<group>"; };
		EB8C9BBF245F5D4200E51E7C /* IntroViewController.swift */ = {isa = PBXFileReference; lastKnownFileType = sourcecode.swift; path = IntroViewController.swift; sourceTree = "<group>"; };
		EB96750C24A452340058FAE9 /* RecommendCardView.swift */ = {isa = PBXFileReference; lastKnownFileType = sourcecode.swift; path = RecommendCardView.swift; sourceTree = "<group>"; };
		EBA42CF1244CE4C800185F94 /* LoginManager.swift */ = {isa = PBXFileReference; lastKnownFileType = sourcecode.swift; path = LoginManager.swift; sourceTree = "<group>"; };
		EBACD0F924D7E5AC00143E47 /* ChallengeManager.swift */ = {isa = PBXFileReference; lastKnownFileType = sourcecode.swift; path = ChallengeManager.swift; sourceTree = "<group>"; };
		EBBD0E0324A177170079F15C /* RecommendViewController.swift */ = {isa = PBXFileReference; lastKnownFileType = sourcecode.swift; path = RecommendViewController.swift; sourceTree = "<group>"; };
		EBBD0E0524A190CA0079F15C /* UIView+Snapshot.swift */ = {isa = PBXFileReference; lastKnownFileType = sourcecode.swift; path = "UIView+Snapshot.swift"; sourceTree = "<group>"; };
		EBBEA0D4245D51880038F403 /* Amiko-Regular.ttf */ = {isa = PBXFileReference; lastKnownFileType = file; path = "Amiko-Regular.ttf"; sourceTree = "<group>"; };
		EBBEA0D5245D51890038F403 /* Amiko-SemiBold.ttf */ = {isa = PBXFileReference; lastKnownFileType = file; path = "Amiko-SemiBold.ttf"; sourceTree = "<group>"; };
		EBBEA0D6245D518B0038F403 /* Amiko-Bold.ttf */ = {isa = PBXFileReference; lastKnownFileType = file; path = "Amiko-Bold.ttf"; sourceTree = "<group>"; };
		EBBEA0DB245D526A0038F403 /* InputFieldView.swift */ = {isa = PBXFileReference; lastKnownFileType = sourcecode.swift; path = InputFieldView.swift; sourceTree = "<group>"; };
		EBBEA0DD245D5C780038F403 /* PasswordFieldView.swift */ = {isa = PBXFileReference; lastKnownFileType = sourcecode.swift; path = PasswordFieldView.swift; sourceTree = "<group>"; };
		EBBEF37E2477B82D005B085E /* TabBarController.swift */ = {isa = PBXFileReference; lastKnownFileType = sourcecode.swift; path = TabBarController.swift; sourceTree = "<group>"; };
		EBBEF3802477B923005B085E /* GroceryViewController.swift */ = {isa = PBXFileReference; lastKnownFileType = sourcecode.swift; path = GroceryViewController.swift; sourceTree = "<group>"; };
		EBC03B9D250599BA00BBC040 /* SettingsManager.swift */ = {isa = PBXFileReference; lastKnownFileType = sourcecode.swift; path = SettingsManager.swift; sourceTree = "<group>"; };
		EBC1313F246A6CCD0047CD2C /* NextBackButton.swift */ = {isa = PBXFileReference; lastKnownFileType = sourcecode.swift; path = NextBackButton.swift; sourceTree = "<group>"; };
		EBC13141246A6E640047CD2C /* IssueCell.swift */ = {isa = PBXFileReference; lastKnownFileType = sourcecode.swift; path = IssueCell.swift; sourceTree = "<group>"; };
		EBC13143246A6E900047CD2C /* Constants.swift */ = {isa = PBXFileReference; lastKnownFileType = sourcecode.swift; path = Constants.swift; sourceTree = "<group>"; };
		EBC9179724E518010023EF98 /* ChallengeCompleteView.swift */ = {isa = PBXFileReference; lastKnownFileType = sourcecode.swift; path = ChallengeCompleteView.swift; sourceTree = "<group>"; };
		EBCAB24224E8B83400CF2946 /* ChallengeCompleteCard.swift */ = {isa = PBXFileReference; lastKnownFileType = sourcecode.swift; path = ChallengeCompleteCard.swift; sourceTree = "<group>"; };
		EBCE9A0E2468885900B0266E /* SetupData.swift */ = {isa = PBXFileReference; lastKnownFileType = sourcecode.swift; path = SetupData.swift; sourceTree = "<group>"; };
		EBCE9A1024688A4B00B0266E /* IssuesView.swift */ = {isa = PBXFileReference; lastKnownFileType = sourcecode.swift; path = IssuesView.swift; sourceTree = "<group>"; };
		EBDE8C7424F30CAE007DC5AC /* ChallengeBox.swift */ = {isa = PBXFileReference; lastKnownFileType = sourcecode.swift; path = ChallengeBox.swift; sourceTree = "<group>"; };
		EBF5208C2456137800EC0B03 /* Info.plist */ = {isa = PBXFileReference; fileEncoding = 4; lastKnownFileType = text.plist.xml; path = Info.plist; sourceTree = "<group>"; };
		EBF520922456156100EC0B03 /* RegisterViewController.swift */ = {isa = PBXFileReference; lastKnownFileType = sourcecode.swift; path = RegisterViewController.swift; sourceTree = "<group>"; };
		EBF7A73F248453BE0083C634 /* GroceryListFinalCell.swift */ = {isa = PBXFileReference; lastKnownFileType = sourcecode.swift; path = GroceryListFinalCell.swift; sourceTree = "<group>"; };
		EBF7A741248469A50083C634 /* AddButton.swift */ = {isa = PBXFileReference; lastKnownFileType = sourcecode.swift; path = AddButton.swift; sourceTree = "<group>"; };
		F67B12B024D95A490035F801 /* SettingsViewController.swift */ = {isa = PBXFileReference; lastKnownFileType = sourcecode.swift; path = SettingsViewController.swift; sourceTree = "<group>"; };
		F67B12B224D9CFCA0035F801 /* SettingsView.swift */ = {isa = PBXFileReference; lastKnownFileType = sourcecode.swift; path = SettingsView.swift; sourceTree = "<group>"; };
		F67B12B424DAE0C80035F801 /* AccountDetailsView.swift */ = {isa = PBXFileReference; lastKnownFileType = sourcecode.swift; path = AccountDetailsView.swift; sourceTree = "<group>"; };
		F67B12B624DB24E40035F801 /* PrivacyPolicyView.swift */ = {isa = PBXFileReference; lastKnownFileType = sourcecode.swift; path = PrivacyPolicyView.swift; sourceTree = "<group>"; };
		F67B12B824DEE1CA0035F801 /* AccountDetailsViewController.swift */ = {isa = PBXFileReference; lastKnownFileType = sourcecode.swift; path = AccountDetailsViewController.swift; sourceTree = "<group>"; };
		F67B12BA24DEE6760035F801 /* PrivacyPolicyViewController.swift */ = {isa = PBXFileReference; lastKnownFileType = sourcecode.swift; path = PrivacyPolicyViewController.swift; sourceTree = "<group>"; };
		F67B12F324FC02690035F801 /* FAQViewController.swift */ = {isa = PBXFileReference; lastKnownFileType = sourcecode.swift; path = FAQViewController.swift; sourceTree = "<group>"; };
		F67B12F524FC04170035F801 /* FAQView.swift */ = {isa = PBXFileReference; lastKnownFileType = sourcecode.swift; path = FAQView.swift; sourceTree = "<group>"; };
		F68583A424CD5766004A0C44 /* ProfileSegmentedControlView.swift */ = {isa = PBXFileReference; lastKnownFileType = sourcecode.swift; path = ProfileSegmentedControlView.swift; sourceTree = "<group>"; };
		F68583A624CDB779004A0C44 /* StatsView.swift */ = {isa = PBXFileReference; lastKnownFileType = sourcecode.swift; path = StatsView.swift; sourceTree = "<group>"; };
		F68583A824D2E9F0004A0C44 /* ChallengeBoxes.swift */ = {isa = PBXFileReference; lastKnownFileType = sourcecode.swift; path = ChallengeBoxes.swift; sourceTree = "<group>"; };
		F68583AA24D3F8ED004A0C44 /* CircularProgressBar.swift */ = {isa = PBXFileReference; lastKnownFileType = sourcecode.swift; path = CircularProgressBar.swift; sourceTree = "<group>"; };
		F68583AC24D72F35004A0C44 /* ArchiveView.swift */ = {isa = PBXFileReference; lastKnownFileType = sourcecode.swift; path = ArchiveView.swift; sourceTree = "<group>"; };
/* End PBXFileReference section */

/* Begin PBXFrameworksBuildPhase section */
		EB56EC5C2442E34C001D48BE /* Frameworks */ = {
			isa = PBXFrameworksBuildPhase;
			buildActionMask = 2147483647;
			files = (
				8F7429B8287715203D797A2A /* Pods_TheGoodFridge.framework in Frameworks */,
			);
			runOnlyForDeploymentPostprocessing = 0;
		};
/* End PBXFrameworksBuildPhase section */

/* Begin PBXGroup section */
		C8B035B8A0AF34FE146EAC99 /* Pods */ = {
			isa = PBXGroup;
			children = (
				3F56849CC83BB378E6712201 /* Pods-TheGoodFridge.debug.xcconfig */,
				0A04B6568C9B6F01EBF6368D /* Pods-TheGoodFridge.release.xcconfig */,
			);
			path = Pods;
			sourceTree = "<group>";
		};
		EB56EC562442E34C001D48BE = {
			isa = PBXGroup;
			children = (
				EB56EC612442E34C001D48BE /* TheGoodFridge */,
				EBBEA0D7245D51910038F403 /* Fonts */,
				EB56EC602442E34C001D48BE /* Products */,
				C8B035B8A0AF34FE146EAC99 /* Pods */,
				FE5BBA7FDF6811DE6339C3B5 /* Frameworks */,
			);
			sourceTree = "<group>";
		};
		EB56EC602442E34C001D48BE /* Products */ = {
			isa = PBXGroup;
			children = (
				EB56EC5F2442E34C001D48BE /* TheGoodFridge.app */,
			);
			name = Products;
			sourceTree = "<group>";
		};
		EB56EC612442E34C001D48BE /* TheGoodFridge */ = {
			isa = PBXGroup;
			children = (
				EB56EC622442E34C001D48BE /* AppDelegate.swift */,
				EB56EC642442E34C001D48BE /* SceneDelegate.swift */,
				EBA42CF0244CE49900185F94 /* Controllers */,
				EBA42CF4244CE4E900185F94 /* Views */,
				EB56EC6B2442E34E001D48BE /* Assets.xcassets */,
				EB56EC6D2442E34E001D48BE /* LaunchScreen.storyboard */,
				EBF5208C2456137800EC0B03 /* Info.plist */,
				EB14DD9D24450A2400CA2E0A /* GoogleService-Info.plist */,
				EB355573245E4DBD00FF23CB /* credentials.plist */,
				EBA42CF3244CE4CB00185F94 /* Models */,
				EBC13143246A6E900047CD2C /* Constants.swift */,
			);
			path = TheGoodFridge;
			sourceTree = "<group>";
		};
		EB75251624EE4CE10071DCB8 /* Grocery List */ = {
			isa = PBXGroup;
			children = (
				EBF7A741248469A50083C634 /* AddButton.swift */,
				EB514D9E247B1ED700450E60 /* GroceryDoneView.swift */,
				EB514D9C247AFCE100450E60 /* GroceryListCell.swift */,
				EB514D9A247AF3EF00450E60 /* GroceryListEditView.swift */,
				EBF7A73F248453BE0083C634 /* GroceryListFinalCell.swift */,
				EB8C6397248380A900983BE9 /* GroceryListFinalView.swift */,
				EB96750C24A452340058FAE9 /* RecommendCardView.swift */,
				EB297BFC24A6D2A600BA0471 /* RecommendProductButton.swift */,
			);
			path = "Grocery List";
			sourceTree = "<group>";
		};
		EB75251724EE4D510071DCB8 /* Profile */ = {
			isa = PBXGroup;
			children = (
				F67B12B424DAE0C80035F801 /* AccountDetailsView.swift */,
				F68583AC24D72F35004A0C44 /* ArchiveView.swift */,
				EBDE8C7424F30CAE007DC5AC /* ChallengeBox.swift */,
				F68583A824D2E9F0004A0C44 /* ChallengeBoxes.swift */,
				F68583AA24D3F8ED004A0C44 /* CircularProgressBar.swift */,
				EB75251424EE4C1F0071DCB8 /* ProfilePictureImageView.swift */,
				F67B12B624DB24E40035F801 /* PrivacyPolicyView.swift */,
				F68583A424CD5766004A0C44 /* ProfileSegmentedControlView.swift */,
				EB00972E2500C4EB00244245 /* SettingsItemCell.swift */,
				EB0B73C02504C08E008E5A3D /* SettingsSectionTitleView.swift */,
				F67B12B224D9CFCA0035F801 /* SettingsView.swift */,
				F68583A624CDB779004A0C44 /* StatsView.swift */,
				F67B12F524FC04170035F801 /* FAQView.swift */,
			);
			path = Profile;
			sourceTree = "<group>";
		};
		EB75251824EE4D9B0071DCB8 /* Setup */ = {
			isa = PBXGroup;
			children = (
				EB05C93524D6349D00AF51C7 /* ChallengeButton.swift */,
				EBCAB24224E8B83400CF2946 /* ChallengeCompleteCard.swift */,
				EBC9179724E518010023EF98 /* ChallengeCompleteView.swift */,
				EB0BC8C124CE4F6200A16424 /* ChallengeIntroView.swift */,
				EB05C93724D6677F00AF51C7 /* ChallengePopupView.swift */,
				EB05C93324D62A0E00AF51C7 /* ChallengeSetupCell.swift */,
				EB572A4224CFFD0600305FFD /* ChallengeSetupView.swift */,
				EBC13141246A6E640047CD2C /* IssueCell.swift */,
				EBCE9A1024688A4B00B0266E /* IssuesView.swift */,
				EBC1313F246A6CCD0047CD2C /* NextBackButton.swift */,
				EB5244BF2471D50500C45C6B /* StartView.swift */,
				EB1D770B246298AE003E1A84 /* ValueGoalButton.swift */,
				EB1D77092462978F003E1A84 /* ValuesView.swift */,
			);
			path = Setup;
			sourceTree = "<group>";
		};
		EB75251924EE4DE40071DCB8 /* Account */ = {
			isa = PBXGroup;
			children = (
				EB8C9BBB245F4DB800E51E7C /* DividerView.swift */,
				EBBEA0DB245D526A0038F403 /* InputFieldView.swift */,
				EBBEA0DD245D5C780038F403 /* PasswordFieldView.swift */,
				EB5B9AC92460E75200494754 /* SignupErrorView.swift */,
			);
			path = Account;
			sourceTree = "<group>";
		};
		EBA42CF0244CE49900185F94 /* Controllers */ = {
			isa = PBXGroup;
			children = (
				EBBEF3802477B923005B085E /* GroceryViewController.swift */,
				EB8C9BBF245F5D4200E51E7C /* IntroViewController.swift */,
				EB8C9BBD245F56CA00E51E7C /* LoginViewController.swift */,
				EB8292032478A91F008D96FA /* ProfileViewController.swift */,
				EBBD0E0324A177170079F15C /* RecommendViewController.swift */,
				EBF520922456156100EC0B03 /* RegisterViewController.swift */,
				EB8292012478A917008D96FA /* SearchViewController.swift */,
				F67B12B024D95A490035F801 /* SettingsViewController.swift */,
				EB7E4C282462252100A6E8FA /* SetupViewController.swift */,
				EBBEF37E2477B82D005B085E /* TabBarController.swift */,
				EBBD0E0524A190CA0079F15C /* UIView+Snapshot.swift */,
				EB56EC662442E34C001D48BE /* WelcomeViewController.swift */,
				F67B12B824DEE1CA0035F801 /* AccountDetailsViewController.swift */,
				F67B12BA24DEE6760035F801 /* PrivacyPolicyViewController.swift */,
				F67B12F324FC02690035F801 /* FAQViewController.swift */,
			);
			path = Controllers;
			sourceTree = "<group>";
		};
		EBA42CF3244CE4CB00185F94 /* Models */ = {
			isa = PBXGroup;
			children = (
				EBACD0F924D7E5AC00143E47 /* ChallengeManager.swift */,
				EB8C63992483816500983BE9 /* GroceryData.swift */,
				EB2EB192246A727C00C7F523 /* IssueData.swift */,
				EBA42CF1244CE4C800185F94 /* LoginManager.swift */,
				EB55FE0824AD3A17002760F7 /* ProductManager.swift */,
				EBC03B9D250599BA00BBC040 /* SettingsManager.swift */,
				EBCE9A0E2468885900B0266E /* SetupData.swift */,
				EB5B9AC72460CFA900494754 /* User.swift */,
				EB8292072478BA4C008D96FA /* UserData.swift */,
			);
			path = Models;
			sourceTree = "<group>";
		};
		EBA42CF4244CE4E900185F94 /* Views */ = {
			isa = PBXGroup;
			children = (
				EB75251924EE4DE40071DCB8 /* Account */,
				EB75251824EE4D9B0071DCB8 /* Setup */,
				EB75251724EE4D510071DCB8 /* Profile */,
				EB75251624EE4CE10071DCB8 /* Grocery List */,
			);
			path = Views;
			sourceTree = "<group>";
		};
		EBBEA0D7245D51910038F403 /* Fonts */ = {
			isa = PBXGroup;
			children = (
				EBBEA0D6245D518B0038F403 /* Amiko-Bold.ttf */,
				EBBEA0D4245D51880038F403 /* Amiko-Regular.ttf */,
				EBBEA0D5245D51890038F403 /* Amiko-SemiBold.ttf */,
			);
			path = Fonts;
			sourceTree = "<group>";
		};
		FE5BBA7FDF6811DE6339C3B5 /* Frameworks */ = {
			isa = PBXGroup;
			children = (
				D4D38C9EC6E072779141E849 /* Pods_TheGoodFridge.framework */,
			);
			name = Frameworks;
			sourceTree = "<group>";
		};
/* End PBXGroup section */

/* Begin PBXNativeTarget section */
		EB56EC5E2442E34C001D48BE /* TheGoodFridge */ = {
			isa = PBXNativeTarget;
			buildConfigurationList = EB56EC732442E34E001D48BE /* Build configuration list for PBXNativeTarget "TheGoodFridge" */;
			buildPhases = (
				14284678730306BE2F53EF1F /* [CP] Check Pods Manifest.lock */,
				EB56EC5B2442E34C001D48BE /* Sources */,
				EB56EC5C2442E34C001D48BE /* Frameworks */,
				EB56EC5D2442E34C001D48BE /* Resources */,
				EB0B6983245E5A560069697F /* Embed Frameworks */,
				F088EC9A6FB83263DCCA1C7C /* [CP] Embed Pods Frameworks */,
				E301FDDB609BD569C5F2C778 /* [CP] Copy Pods Resources */,
			);
			buildRules = (
			);
			dependencies = (
			);
			name = TheGoodFridge;
			productName = TheGoodFridge;
			productReference = EB56EC5F2442E34C001D48BE /* TheGoodFridge.app */;
			productType = "com.apple.product-type.application";
		};
/* End PBXNativeTarget section */

/* Begin PBXProject section */
		EB56EC572442E34C001D48BE /* Project object */ = {
			isa = PBXProject;
			attributes = {
				LastSwiftUpdateCheck = 1130;
				LastUpgradeCheck = 1130;
				ORGANIZATIONNAME = "Eugene Lo";
				TargetAttributes = {
					EB56EC5E2442E34C001D48BE = {
						CreatedOnToolsVersion = 11.3.1;
					};
				};
			};
			buildConfigurationList = EB56EC5A2442E34C001D48BE /* Build configuration list for PBXProject "TheGoodFridge" */;
			compatibilityVersion = "Xcode 9.3";
			developmentRegion = en;
			hasScannedForEncodings = 0;
			knownRegions = (
				en,
				Base,
			);
			mainGroup = EB56EC562442E34C001D48BE;
			productRefGroup = EB56EC602442E34C001D48BE /* Products */;
			projectDirPath = "";
			projectRoot = "";
			targets = (
				EB56EC5E2442E34C001D48BE /* TheGoodFridge */,
			);
		};
/* End PBXProject section */

/* Begin PBXResourcesBuildPhase section */
		EB56EC5D2442E34C001D48BE /* Resources */ = {
			isa = PBXResourcesBuildPhase;
			buildActionMask = 2147483647;
			files = (
				EBBEA0D9245D51B00038F403 /* Amiko-Regular.ttf in Resources */,
				EB56EC6F2442E34E001D48BE /* LaunchScreen.storyboard in Resources */,
				EBBEA0D8245D51AD0038F403 /* Amiko-Bold.ttf in Resources */,
				EBBEA0DA245D51B20038F403 /* Amiko-SemiBold.ttf in Resources */,
				EB14DD9E24450A2400CA2E0A /* GoogleService-Info.plist in Resources */,
				EB355574245E4DBD00FF23CB /* credentials.plist in Resources */,
				EB56EC6C2442E34E001D48BE /* Assets.xcassets in Resources */,
			);
			runOnlyForDeploymentPostprocessing = 0;
		};
/* End PBXResourcesBuildPhase section */

/* Begin PBXShellScriptBuildPhase section */
		14284678730306BE2F53EF1F /* [CP] Check Pods Manifest.lock */ = {
			isa = PBXShellScriptBuildPhase;
			buildActionMask = 2147483647;
			files = (
			);
			inputFileListPaths = (
			);
			inputPaths = (
				"${PODS_PODFILE_DIR_PATH}/Podfile.lock",
				"${PODS_ROOT}/Manifest.lock",
			);
			name = "[CP] Check Pods Manifest.lock";
			outputFileListPaths = (
			);
			outputPaths = (
				"$(DERIVED_FILE_DIR)/Pods-TheGoodFridge-checkManifestLockResult.txt",
			);
			runOnlyForDeploymentPostprocessing = 0;
			shellPath = /bin/sh;
			shellScript = "diff \"${PODS_PODFILE_DIR_PATH}/Podfile.lock\" \"${PODS_ROOT}/Manifest.lock\" > /dev/null\nif [ $? != 0 ] ; then\n    # print error to STDERR\n    echo \"error: The sandbox is not in sync with the Podfile.lock. Run 'pod install' or update your CocoaPods installation.\" >&2\n    exit 1\nfi\n# This output is used by Xcode 'outputs' to avoid re-running this script phase.\necho \"SUCCESS\" > \"${SCRIPT_OUTPUT_FILE_0}\"\n";
			showEnvVarsInLog = 0;
		};
		E301FDDB609BD569C5F2C778 /* [CP] Copy Pods Resources */ = {
			isa = PBXShellScriptBuildPhase;
			buildActionMask = 2147483647;
			files = (
			);
			inputFileListPaths = (
				"${PODS_ROOT}/Target Support Files/Pods-TheGoodFridge/Pods-TheGoodFridge-resources-${CONFIGURATION}-input-files.xcfilelist",
			);
			name = "[CP] Copy Pods Resources";
			outputFileListPaths = (
				"${PODS_ROOT}/Target Support Files/Pods-TheGoodFridge/Pods-TheGoodFridge-resources-${CONFIGURATION}-output-files.xcfilelist",
			);
			runOnlyForDeploymentPostprocessing = 0;
			shellPath = /bin/sh;
			shellScript = "\"${PODS_ROOT}/Target Support Files/Pods-TheGoodFridge/Pods-TheGoodFridge-resources.sh\"\n";
			showEnvVarsInLog = 0;
		};
		F088EC9A6FB83263DCCA1C7C /* [CP] Embed Pods Frameworks */ = {
			isa = PBXShellScriptBuildPhase;
			buildActionMask = 2147483647;
			files = (
			);
			inputFileListPaths = (
				"${PODS_ROOT}/Target Support Files/Pods-TheGoodFridge/Pods-TheGoodFridge-frameworks-${CONFIGURATION}-input-files.xcfilelist",
			);
			name = "[CP] Embed Pods Frameworks";
			outputFileListPaths = (
				"${PODS_ROOT}/Target Support Files/Pods-TheGoodFridge/Pods-TheGoodFridge-frameworks-${CONFIGURATION}-output-files.xcfilelist",
			);
			runOnlyForDeploymentPostprocessing = 0;
			shellPath = /bin/sh;
			shellScript = "\"${PODS_ROOT}/Target Support Files/Pods-TheGoodFridge/Pods-TheGoodFridge-frameworks.sh\"\n";
			showEnvVarsInLog = 0;
		};
/* End PBXShellScriptBuildPhase section */

/* Begin PBXSourcesBuildPhase section */
		EB56EC5B2442E34C001D48BE /* Sources */ = {
			isa = PBXSourcesBuildPhase;
			buildActionMask = 2147483647;
			files = (
				EB8C9BBE245F56CA00E51E7C /* LoginViewController.swift in Sources */,
				EBC03B9E250599BA00BBC040 /* SettingsManager.swift in Sources */,
				F67B12B324D9CFCA0035F801 /* SettingsView.swift in Sources */,
				EB05C93824D6677F00AF51C7 /* ChallengePopupView.swift in Sources */,
				EB8C639A2483816500983BE9 /* GroceryData.swift in Sources */,
				F67B12F624FC04170035F801 /* FAQView.swift in Sources */,
				EBC9179824E518010023EF98 /* ChallengeCompleteView.swift in Sources */,
				EB5244C02471D50500C45C6B /* StartView.swift in Sources */,
				EBC13142246A6E640047CD2C /* IssueCell.swift in Sources */,
				EB56EC672442E34C001D48BE /* WelcomeViewController.swift in Sources */,
				EB1D770A2462978F003E1A84 /* ValuesView.swift in Sources */,
				F68583A724CDB779004A0C44 /* StatsView.swift in Sources */,
				EB05C93624D6349D00AF51C7 /* ChallengeButton.swift in Sources */,
				EBBEF37F2477B82D005B085E /* TabBarController.swift in Sources */,
				EBCAB24324E8B83400CF2946 /* ChallengeCompleteCard.swift in Sources */,
				F67B12B124D95A490035F801 /* SettingsViewController.swift in Sources */,
				F68583A524CD5766004A0C44 /* ProfileSegmentedControlView.swift in Sources */,
				EBBEA0DE245D5C780038F403 /* PasswordFieldView.swift in Sources */,
				EBCE9A1124688A4B00B0266E /* IssuesView.swift in Sources */,
				F68583A924D2E9F0004A0C44 /* ChallengeBoxes.swift in Sources */,
				EBBD0E0424A177170079F15C /* RecommendViewController.swift in Sources */,
				EBBEF3812477B923005B085E /* GroceryViewController.swift in Sources */,
				EBC13140246A6CCD0047CD2C /* NextBackButton.swift in Sources */,
				EB96750D24A452340058FAE9 /* RecommendCardView.swift in Sources */,
				EB8C6398248380A900983BE9 /* GroceryListFinalView.swift in Sources */,
				F67B12B924DEE1CA0035F801 /* AccountDetailsViewController.swift in Sources */,
				EB75251524EE4C1F0071DCB8 /* ProfilePictureImageView.swift in Sources */,
				EB514D9B247AF3EF00450E60 /* GroceryListEditView.swift in Sources */,
				F67B12F424FC02690035F801 /* FAQViewController.swift in Sources */,
				EB8292042478A91F008D96FA /* ProfileViewController.swift in Sources */,
				F68583AB24D3F8ED004A0C44 /* CircularProgressBar.swift in Sources */,
				EBF520932456156100EC0B03 /* RegisterViewController.swift in Sources */,
				EBCE9A0F2468885900B0266E /* SetupData.swift in Sources */,
				EB572A4324CFFD0600305FFD /* ChallengeSetupView.swift in Sources */,
				EB2EB193246A727C00C7F523 /* IssueData.swift in Sources */,
				F67B12BB24DEE6760035F801 /* PrivacyPolicyViewController.swift in Sources */,
				EB8C9BC0245F5D4200E51E7C /* IntroViewController.swift in Sources */,
				EBDE8C7524F30CAE007DC5AC /* ChallengeBox.swift in Sources */,
				F67B12B724DB24E40035F801 /* PrivacyPolicyView.swift in Sources */,
				EBBEA0DC245D526A0038F403 /* InputFieldView.swift in Sources */,
				EBBD0E0624A190CA0079F15C /* UIView+Snapshot.swift in Sources */,
				EB00972F2500C4EB00244245 /* SettingsItemCell.swift in Sources */,
				EB05C93424D62A0E00AF51C7 /* ChallengeSetupCell.swift in Sources */,
				EB8292022478A917008D96FA /* SearchViewController.swift in Sources */,
				EB514D9D247AFCE100450E60 /* GroceryListCell.swift in Sources */,
				EBA42CF2244CE4C800185F94 /* LoginManager.swift in Sources */,
				EBF7A740248453BE0083C634 /* GroceryListFinalCell.swift in Sources */,
				EB5B9ACA2460E75200494754 /* SignupErrorView.swift in Sources */,
				EB56EC632442E34C001D48BE /* AppDelegate.swift in Sources */,
				EB514D9F247B1ED700450E60 /* GroceryDoneView.swift in Sources */,
				F67B12B524DAE0C80035F801 /* AccountDetailsView.swift in Sources */,
				EB0BC8C224CE4F6200A16424 /* ChallengeIntroView.swift in Sources */,
				EB8C9BBC245F4DB800E51E7C /* DividerView.swift in Sources */,
				EB8292082478BA4C008D96FA /* UserData.swift in Sources */,
				EBC13144246A6E900047CD2C /* Constants.swift in Sources */,
				EBF7A742248469A50083C634 /* AddButton.swift in Sources */,
				EB297BFD24A6D2A600BA0471 /* RecommendProductButton.swift in Sources */,
				EB5B9AC82460CFA900494754 /* User.swift in Sources */,
				EB7E4C292462252100A6E8FA /* SetupViewController.swift in Sources */,
				F68583AD24D72F35004A0C44 /* ArchiveView.swift in Sources */,
				EB56EC652442E34C001D48BE /* SceneDelegate.swift in Sources */,
				EB0B73C12504C08E008E5A3D /* SettingsSectionTitleView.swift in Sources */,
				EB55FE0924AD3A17002760F7 /* ProductManager.swift in Sources */,
				EBACD0FA24D7E5AC00143E47 /* ChallengeManager.swift in Sources */,
				EB1D770C246298AE003E1A84 /* ValueGoalButton.swift in Sources */,
			);
			runOnlyForDeploymentPostprocessing = 0;
		};
/* End PBXSourcesBuildPhase section */

/* Begin PBXVariantGroup section */
		EB56EC6D2442E34E001D48BE /* LaunchScreen.storyboard */ = {
			isa = PBXVariantGroup;
			children = (
				EB56EC6E2442E34E001D48BE /* Base */,
			);
			name = LaunchScreen.storyboard;
			sourceTree = "<group>";
		};
/* End PBXVariantGroup section */

/* Begin XCBuildConfiguration section */
		EB56EC712442E34E001D48BE /* Debug */ = {
			isa = XCBuildConfiguration;
			buildSettings = {
				ALWAYS_SEARCH_USER_PATHS = NO;
				CLANG_ANALYZER_NONNULL = YES;
				CLANG_ANALYZER_NUMBER_OBJECT_CONVERSION = YES_AGGRESSIVE;
				CLANG_CXX_LANGUAGE_STANDARD = "gnu++14";
				CLANG_CXX_LIBRARY = "libc++";
				CLANG_ENABLE_MODULES = YES;
				CLANG_ENABLE_OBJC_ARC = YES;
				CLANG_ENABLE_OBJC_WEAK = YES;
				CLANG_WARN_BLOCK_CAPTURE_AUTORELEASING = YES;
				CLANG_WARN_BOOL_CONVERSION = YES;
				CLANG_WARN_COMMA = YES;
				CLANG_WARN_CONSTANT_CONVERSION = YES;
				CLANG_WARN_DEPRECATED_OBJC_IMPLEMENTATIONS = YES;
				CLANG_WARN_DIRECT_OBJC_ISA_USAGE = YES_ERROR;
				CLANG_WARN_DOCUMENTATION_COMMENTS = YES;
				CLANG_WARN_EMPTY_BODY = YES;
				CLANG_WARN_ENUM_CONVERSION = YES;
				CLANG_WARN_INFINITE_RECURSION = YES;
				CLANG_WARN_INT_CONVERSION = YES;
				CLANG_WARN_NON_LITERAL_NULL_CONVERSION = YES;
				CLANG_WARN_OBJC_IMPLICIT_RETAIN_SELF = YES;
				CLANG_WARN_OBJC_LITERAL_CONVERSION = YES;
				CLANG_WARN_OBJC_ROOT_CLASS = YES_ERROR;
				CLANG_WARN_RANGE_LOOP_ANALYSIS = YES;
				CLANG_WARN_STRICT_PROTOTYPES = YES;
				CLANG_WARN_SUSPICIOUS_MOVE = YES;
				CLANG_WARN_UNGUARDED_AVAILABILITY = YES_AGGRESSIVE;
				CLANG_WARN_UNREACHABLE_CODE = YES;
				CLANG_WARN__DUPLICATE_METHOD_MATCH = YES;
				CODE_SIGN_IDENTITY = "iPhone Developer";
				COPY_PHASE_STRIP = NO;
				DEBUG_INFORMATION_FORMAT = dwarf;
				ENABLE_STRICT_OBJC_MSGSEND = YES;
				ENABLE_TESTABILITY = YES;
				GCC_C_LANGUAGE_STANDARD = gnu11;
				GCC_DYNAMIC_NO_PIC = NO;
				GCC_NO_COMMON_BLOCKS = YES;
				GCC_OPTIMIZATION_LEVEL = 0;
				GCC_PREPROCESSOR_DEFINITIONS = (
					"DEBUG=1",
					"$(inherited)",
				);
				GCC_WARN_64_TO_32_BIT_CONVERSION = YES;
				GCC_WARN_ABOUT_RETURN_TYPE = YES_ERROR;
				GCC_WARN_UNDECLARED_SELECTOR = YES;
				GCC_WARN_UNINITIALIZED_AUTOS = YES_AGGRESSIVE;
				GCC_WARN_UNUSED_FUNCTION = YES;
				GCC_WARN_UNUSED_VARIABLE = YES;
				IPHONEOS_DEPLOYMENT_TARGET = 13.2;
				MTL_ENABLE_DEBUG_INFO = INCLUDE_SOURCE;
				MTL_FAST_MATH = YES;
				ONLY_ACTIVE_ARCH = YES;
				SDKROOT = iphoneos;
				SWIFT_ACTIVE_COMPILATION_CONDITIONS = DEBUG;
				SWIFT_OPTIMIZATION_LEVEL = "-Onone";
			};
			name = Debug;
		};
		EB56EC722442E34E001D48BE /* Release */ = {
			isa = XCBuildConfiguration;
			buildSettings = {
				ALWAYS_SEARCH_USER_PATHS = NO;
				CLANG_ANALYZER_NONNULL = YES;
				CLANG_ANALYZER_NUMBER_OBJECT_CONVERSION = YES_AGGRESSIVE;
				CLANG_CXX_LANGUAGE_STANDARD = "gnu++14";
				CLANG_CXX_LIBRARY = "libc++";
				CLANG_ENABLE_MODULES = YES;
				CLANG_ENABLE_OBJC_ARC = YES;
				CLANG_ENABLE_OBJC_WEAK = YES;
				CLANG_WARN_BLOCK_CAPTURE_AUTORELEASING = YES;
				CLANG_WARN_BOOL_CONVERSION = YES;
				CLANG_WARN_COMMA = YES;
				CLANG_WARN_CONSTANT_CONVERSION = YES;
				CLANG_WARN_DEPRECATED_OBJC_IMPLEMENTATIONS = YES;
				CLANG_WARN_DIRECT_OBJC_ISA_USAGE = YES_ERROR;
				CLANG_WARN_DOCUMENTATION_COMMENTS = YES;
				CLANG_WARN_EMPTY_BODY = YES;
				CLANG_WARN_ENUM_CONVERSION = YES;
				CLANG_WARN_INFINITE_RECURSION = YES;
				CLANG_WARN_INT_CONVERSION = YES;
				CLANG_WARN_NON_LITERAL_NULL_CONVERSION = YES;
				CLANG_WARN_OBJC_IMPLICIT_RETAIN_SELF = YES;
				CLANG_WARN_OBJC_LITERAL_CONVERSION = YES;
				CLANG_WARN_OBJC_ROOT_CLASS = YES_ERROR;
				CLANG_WARN_RANGE_LOOP_ANALYSIS = YES;
				CLANG_WARN_STRICT_PROTOTYPES = YES;
				CLANG_WARN_SUSPICIOUS_MOVE = YES;
				CLANG_WARN_UNGUARDED_AVAILABILITY = YES_AGGRESSIVE;
				CLANG_WARN_UNREACHABLE_CODE = YES;
				CLANG_WARN__DUPLICATE_METHOD_MATCH = YES;
				CODE_SIGN_IDENTITY = "iPhone Developer";
				COPY_PHASE_STRIP = NO;
				DEBUG_INFORMATION_FORMAT = "dwarf-with-dsym";
				ENABLE_NS_ASSERTIONS = NO;
				ENABLE_STRICT_OBJC_MSGSEND = YES;
				GCC_C_LANGUAGE_STANDARD = gnu11;
				GCC_NO_COMMON_BLOCKS = YES;
				GCC_WARN_64_TO_32_BIT_CONVERSION = YES;
				GCC_WARN_ABOUT_RETURN_TYPE = YES_ERROR;
				GCC_WARN_UNDECLARED_SELECTOR = YES;
				GCC_WARN_UNINITIALIZED_AUTOS = YES_AGGRESSIVE;
				GCC_WARN_UNUSED_FUNCTION = YES;
				GCC_WARN_UNUSED_VARIABLE = YES;
				IPHONEOS_DEPLOYMENT_TARGET = 13.2;
				MTL_ENABLE_DEBUG_INFO = NO;
				MTL_FAST_MATH = YES;
				SDKROOT = iphoneos;
				SWIFT_COMPILATION_MODE = wholemodule;
				SWIFT_OPTIMIZATION_LEVEL = "-O";
				VALIDATE_PRODUCT = YES;
			};
			name = Release;
		};
		EB56EC742442E34E001D48BE /* Debug */ = {
			isa = XCBuildConfiguration;
			baseConfigurationReference = 3F56849CC83BB378E6712201 /* Pods-TheGoodFridge.debug.xcconfig */;
			buildSettings = {
				ASSETCATALOG_COMPILER_APPICON_NAME = AppIcon;
				CODE_SIGN_STYLE = Automatic;
				DEVELOPMENT_TEAM = 5QDYL7YJ95;
				GCC_NO_COMMON_BLOCKS = YES;
				INFOPLIST_FILE = TheGoodFridge/Info.plist;
				IPHONEOS_DEPLOYMENT_TARGET = 13.2;
				LD_RUNPATH_SEARCH_PATHS = (
					"$(inherited)",
					"@executable_path/Frameworks",
				);
				OTHER_LDFLAGS = (
					"$(inherited)",
					"-l\"z\"",
					"-framework",
					"\"Alamofire\"",
					"-framework",
					"\"CFNetwork\"",
					"-framework",
					"\"CoreTelephony\"",
					"-framework",
					"\"FBLPromises\"",
					"-framework",
					"\"FirebaseAuth\"",
					"-framework",
					"\"FirebaseCore\"",
					"-framework",
					"\"FirebaseCoreDiagnostics\"",
					"-framework",
					"\"Foundation\"",
					"-framework",
					"\"GTMSessionFetcher\"",
					"-framework",
					"\"GoogleDataTransport\"",
					"-framework",
					"\"GoogleUtilities\"",
					"-framework",
					"\"SafariServices\"",
					"-framework",
					"\"Security\"",
					"-framework",
					"\"SystemConfiguration\"",
					"-framework",
					"\"UIKit\"",
					"-framework",
					"\"nanopb\"",
				);
				PRODUCT_BUNDLE_IDENTIFIER = com.euglo.TheGoodFridge;
				PRODUCT_NAME = "$(TARGET_NAME)";
				SWIFT_VERSION = 5.0;
				TARGETED_DEVICE_FAMILY = "1,2";
			};
			name = Debug;
		};
		EB56EC752442E34E001D48BE /* Release */ = {
			isa = XCBuildConfiguration;
			baseConfigurationReference = 0A04B6568C9B6F01EBF6368D /* Pods-TheGoodFridge.release.xcconfig */;
			buildSettings = {
				ASSETCATALOG_COMPILER_APPICON_NAME = AppIcon;
				CODE_SIGN_STYLE = Automatic;
				DEVELOPMENT_TEAM = 5QDYL7YJ95;
				GCC_NO_COMMON_BLOCKS = YES;
				INFOPLIST_FILE = TheGoodFridge/Info.plist;
				IPHONEOS_DEPLOYMENT_TARGET = 13.2;
				LD_RUNPATH_SEARCH_PATHS = (
					"$(inherited)",
					"@executable_path/Frameworks",
				);
				OTHER_LDFLAGS = (
					"$(inherited)",
					"-l\"z\"",
					"-framework",
					"\"Alamofire\"",
					"-framework",
					"\"CFNetwork\"",
					"-framework",
					"\"CoreTelephony\"",
					"-framework",
					"\"FBLPromises\"",
					"-framework",
					"\"FirebaseAuth\"",
					"-framework",
					"\"FirebaseCore\"",
					"-framework",
					"\"FirebaseCoreDiagnostics\"",
					"-framework",
					"\"Foundation\"",
					"-framework",
					"\"GTMSessionFetcher\"",
					"-framework",
					"\"GoogleDataTransport\"",
					"-framework",
					"\"GoogleUtilities\"",
					"-framework",
					"\"SafariServices\"",
					"-framework",
					"\"Security\"",
					"-framework",
					"\"SystemConfiguration\"",
					"-framework",
					"\"UIKit\"",
					"-framework",
					"\"nanopb\"",
				);
				PRODUCT_BUNDLE_IDENTIFIER = com.euglo.TheGoodFridge;
				PRODUCT_NAME = "$(TARGET_NAME)";
				SWIFT_VERSION = 5.0;
				TARGETED_DEVICE_FAMILY = "1,2";
			};
			name = Release;
		};
/* End XCBuildConfiguration section */

/* Begin XCConfigurationList section */
		EB56EC5A2442E34C001D48BE /* Build configuration list for PBXProject "TheGoodFridge" */ = {
			isa = XCConfigurationList;
			buildConfigurations = (
				EB56EC712442E34E001D48BE /* Debug */,
				EB56EC722442E34E001D48BE /* Release */,
			);
			defaultConfigurationIsVisible = 0;
			defaultConfigurationName = Release;
		};
		EB56EC732442E34E001D48BE /* Build configuration list for PBXNativeTarget "TheGoodFridge" */ = {
			isa = XCConfigurationList;
			buildConfigurations = (
				EB56EC742442E34E001D48BE /* Debug */,
				EB56EC752442E34E001D48BE /* Release */,
			);
			defaultConfigurationIsVisible = 0;
			defaultConfigurationName = Release;
		};
/* End XCConfigurationList section */
	};
	rootObject = EB56EC572442E34C001D48BE /* Project object */;
}
